
Microsoft Visual Studio Solution File, Format Version 12.00
# Visual Studio Version 17
VisualStudioVersion = 17.3.32929.385
MinimumVisualStudioVersion = 10.0.40219.1
Project("{FAE04EC0-301F-11D3-BF4B-00C04F79EFBC}") = "Grivinca-Vrajitoru_Alexandra_Lab1", "Grivinca-Vrajitoru_Alexandra_Lab1\Grivinca-Vrajitoru_Alexandra_Lab1.csproj", "{0761FF0B-765B-43C5-9BE8-57FB531ABACA}"
EndProject
Global
	GlobalSection(SolutionConfigurationPlatforms) = preSolution
		Debug|Any CPU = Debug|Any CPU
		Release|Any CPU = Release|Any CPU
	EndGlobalSection
	GlobalSection(ProjectConfigurationPlatforms) = postSolution
		{0761FF0B-765B-43C5-9BE8-57FB531ABACA}.Debug|Any CPU.ActiveCfg = Debug|Any CPU
		{0761FF0B-765B-43C5-9BE8-57FB531ABACA}.Debug|Any CPU.Build.0 = Debug|Any CPU
		{0761FF0B-765B-43C5-9BE8-57FB531ABACA}.Release|Any CPU.ActiveCfg = Release|Any CPU
		{0761FF0B-765B-43C5-9BE8-57FB531ABACA}.Release|Any CPU.Build.0 = Release|Any CPU
	EndGlobalSection
	GlobalSection(SolutionProperties) = preSolution
		HideSolutionNode = FALSE
	EndGlobalSection
	GlobalSection(ExtensibilityGlobals) = postSolution
		SolutionGuid = {74D3BC3C-2EEA-48FB-A104-0EB752ABDC8C}
	EndGlobalSection
EndGlobal
